
Microsoft Visual Studio Solution File, Format Version 12.00
# Visual Studio Version 17
VisualStudioVersion = 17.14.35906.104 d17.14
MinimumVisualStudioVersion = 10.0.40219.1
Project("{FAE04EC0-301F-11D3-BF4B-00C04F79EFBC}") = "Caching", "Caching.csproj", "{DE7BCF4A-4470-421C-9ACF-174416BEB8F7}"
EndProject
Global
	GlobalSection(SolutionConfigurationPlatforms) = preSolution
		Debug|Any CPU = Debug|Any CPU
		Release|Any CPU = Release|Any CPU
	EndGlobalSection
	GlobalSection(ProjectConfigurationPlatforms) = postSolution
		{DE7BCF4A-4470-421C-9ACF-174416BEB8F7}.Debug|Any CPU.ActiveCfg = Debug|Any CPU
		{DE7BCF4A-4470-421C-9ACF-174416BEB8F7}.Debug|Any CPU.Build.0 = Debug|Any CPU
		{DE7BCF4A-4470-421C-9ACF-174416BEB8F7}.Release|Any CPU.ActiveCfg = Release|Any CPU
		{DE7BCF4A-4470-421C-9ACF-174416BEB8F7}.Release|Any CPU.Build.0 = Release|Any CPU
	EndGlobalSection
	GlobalSection(SolutionProperties) = preSolution
		HideSolutionNode = FALSE
	EndGlobalSection
	GlobalSection(ExtensibilityGlobals) = postSolution
		SolutionGuid = {E9487B00-1E2A-4864-BAF6-21F7072206D6}
	EndGlobalSection
EndGlobal
