
Microsoft Visual Studio Solution File, Format Version 12.00
# Visual Studio Version 17
VisualStudioVersion = 17.14.35906.104
MinimumVisualStudioVersion = 10.0.40219.1
Project("{FAE04EC0-301F-11D3-BF4B-00C04F79EFBC}") = "ReverseString", "ReverseString.csproj", "{9391FE66-C1CD-4279-A7E8-7F1BD14E913B}"
EndProject
Project("{FAE04EC0-301F-11D3-BF4B-00C04F79EFBC}") = "ArrayMethods", "..\ArrayMethods\ArrayMethods.csproj", "{87E207DC-D151-4300-B8A9-69C8D872D898}"
EndProject
Project("{FAE04EC0-301F-11D3-BF4B-00C04F79EFBC}") = "StringMethods", "..\StringMethods\StringMethods.csproj", "{8A78629A-8AE1-4264-AB9A-4DFDCD9CFAED}"
EndProject
Project("{FAE04EC0-301F-11D3-BF4B-00C04F79EFBC}") = "Omniwyse1", "..\Omniwyse1\Omniwyse1.csproj", "{E5B1D114-3EA0-4841-B79F-0BB58F197784}"
EndProject
Project("{FAE04EC0-301F-11D3-BF4B-00C04F79EFBC}") = "LargestNumberWithSorting", "..\LargestNumberWithSorting\LargestNumberWithSorting.csproj", "{A11D8D96-DBEB-408F-94BF-9207C1C3A806}"
EndProject
Project("{FAE04EC0-301F-11D3-BF4B-00C04F79EFBC}") = "LargestNumberWithoutSorting", "..\LargestNumberWithoutSorting\LargestNumberWithoutSorting.csproj", "{AD989CAE-7951-472E-8FC3-CA8AD2B8F5A2}"
EndProject
Global
	GlobalSection(SolutionConfigurationPlatforms) = preSolution
		Debug|Any CPU = Debug|Any CPU
		Release|Any CPU = Release|Any CPU
	EndGlobalSection
	GlobalSection(ProjectConfigurationPlatforms) = postSolution
		{9391FE66-C1CD-4279-A7E8-7F1BD14E913B}.Debug|Any CPU.ActiveCfg = Debug|Any CPU
		{9391FE66-C1CD-4279-A7E8-7F1BD14E913B}.Debug|Any CPU.Build.0 = Debug|Any CPU
		{9391FE66-C1CD-4279-A7E8-7F1BD14E913B}.Release|Any CPU.ActiveCfg = Release|Any CPU
		{9391FE66-C1CD-4279-A7E8-7F1BD14E913B}.Release|Any CPU.Build.0 = Release|Any CPU
		{87E207DC-D151-4300-B8A9-69C8D872D898}.Debug|Any CPU.ActiveCfg = Debug|Any CPU
		{87E207DC-D151-4300-B8A9-69C8D872D898}.Debug|Any CPU.Build.0 = Debug|Any CPU
		{87E207DC-D151-4300-B8A9-69C8D872D898}.Release|Any CPU.ActiveCfg = Release|Any CPU
		{87E207DC-D151-4300-B8A9-69C8D872D898}.Release|Any CPU.Build.0 = Release|Any CPU
		{8A78629A-8AE1-4264-AB9A-4DFDCD9CFAED}.Debug|Any CPU.ActiveCfg = Debug|Any CPU
		{8A78629A-8AE1-4264-AB9A-4DFDCD9CFAED}.Debug|Any CPU.Build.0 = Debug|Any CPU
		{8A78629A-8AE1-4264-AB9A-4DFDCD9CFAED}.Release|Any CPU.ActiveCfg = Release|Any CPU
		{8A78629A-8AE1-4264-AB9A-4DFDCD9CFAED}.Release|Any CPU.Build.0 = Release|Any CPU
		{E5B1D114-3EA0-4841-B79F-0BB58F197784}.Debug|Any CPU.ActiveCfg = Debug|Any CPU
		{E5B1D114-3EA0-4841-B79F-0BB58F197784}.Debug|Any CPU.Build.0 = Debug|Any CPU
		{E5B1D114-3EA0-4841-B79F-0BB58F197784}.Release|Any CPU.ActiveCfg = Release|Any CPU
		{E5B1D114-3EA0-4841-B79F-0BB58F197784}.Release|Any CPU.Build.0 = Release|Any CPU
		{A11D8D96-DBEB-408F-94BF-9207C1C3A806}.Debug|Any CPU.ActiveCfg = Debug|Any CPU
		{A11D8D96-DBEB-408F-94BF-9207C1C3A806}.Debug|Any CPU.Build.0 = Debug|Any CPU
		{A11D8D96-DBEB-408F-94BF-9207C1C3A806}.Release|Any CPU.ActiveCfg = Release|Any CPU
		{A11D8D96-DBEB-408F-94BF-9207C1C3A806}.Release|Any CPU.Build.0 = Release|Any CPU
		{AD989CAE-7951-472E-8FC3-CA8AD2B8F5A2}.Debug|Any CPU.ActiveCfg = Debug|Any CPU
		{AD989CAE-7951-472E-8FC3-CA8AD2B8F5A2}.Debug|Any CPU.Build.0 = Debug|Any CPU
		{AD989CAE-7951-472E-8FC3-CA8AD2B8F5A2}.Release|Any CPU.ActiveCfg = Release|Any CPU
		{AD989CAE-7951-472E-8FC3-CA8AD2B8F5A2}.Release|Any CPU.Build.0 = Release|Any CPU
	EndGlobalSection
	GlobalSection(SolutionProperties) = preSolution
		HideSolutionNode = FALSE
	EndGlobalSection
	GlobalSection(ExtensibilityGlobals) = postSolution
		SolutionGuid = {7ED762A9-3AFF-48DD-A23F-FBFFC41884E6}
	EndGlobalSection
EndGlobal
