
Microsoft Visual Studio Solution File, Format Version 12.00
# Visual Studio Version 17
VisualStudioVersion = 17.14.35906.104 d17.14
MinimumVisualStudioVersion = 10.0.40219.1
Project("{FAE04EC0-301F-11D3-BF4B-00C04F79EFBC}") = "ADO", "ADO.csproj", "{A30E0A4D-4AC7-4E61-B149-B45C524D0972}"
EndProject
Global
	GlobalSection(SolutionConfigurationPlatforms) = preSolution
		Debug|Any CPU = Debug|Any CPU
		Release|Any CPU = Release|Any CPU
	EndGlobalSection
	GlobalSection(ProjectConfigurationPlatforms) = postSolution
		{A30E0A4D-4AC7-4E61-B149-B45C524D0972}.Debug|Any CPU.ActiveCfg = Debug|Any CPU
		{A30E0A4D-4AC7-4E61-B149-B45C524D0972}.Debug|Any CPU.Build.0 = Debug|Any CPU
		{A30E0A4D-4AC7-4E61-B149-B45C524D0972}.Release|Any CPU.ActiveCfg = Release|Any CPU
		{A30E0A4D-4AC7-4E61-B149-B45C524D0972}.Release|Any CPU.Build.0 = Release|Any CPU
	EndGlobalSection
	GlobalSection(SolutionProperties) = preSolution
		HideSolutionNode = FALSE
	EndGlobalSection
	GlobalSection(ExtensibilityGlobals) = postSolution
		SolutionGuid = {9759F3F4-3260-4BDF-9AA6-DF01898FE780}
	EndGlobalSection
EndGlobal
