
Microsoft Visual Studio Solution File, Format Version 12.00
# Visual Studio Version 17
VisualStudioVersion = 17.14.35906.104 d17.14
MinimumVisualStudioVersion = 10.0.40219.1
Project("{FAE04EC0-301F-11D3-BF4B-00C04F79EFBC}") = "EFCoreAPI", "EFCoreAPI.csproj", "{C5A35E78-6FC3-43A7-9EBA-F21E9C7668D5}"
EndProject
Project("{FAE04EC0-301F-11D3-BF4B-00C04F79EFBC}") = "EF6", "..\EF6\EF6.csproj", "{98B06DB0-CA34-4F09-80E5-1D9C5BA5B640}"
EndProject
Project("{FAE04EC0-301F-11D3-BF4B-00C04F79EFBC}") = "ADO", "..\ADO\ADO.csproj", "{7F1EF8B5-306C-40E4-8EF1-5887E606FC1B}"
EndProject
Global
	GlobalSection(SolutionConfigurationPlatforms) = preSolution
		Debug|Any CPU = Debug|Any CPU
		Release|Any CPU = Release|Any CPU
	EndGlobalSection
	GlobalSection(ProjectConfigurationPlatforms) = postSolution
		{C5A35E78-6FC3-43A7-9EBA-F21E9C7668D5}.Debug|Any CPU.ActiveCfg = Debug|Any CPU
		{C5A35E78-6FC3-43A7-9EBA-F21E9C7668D5}.Debug|Any CPU.Build.0 = Debug|Any CPU
		{C5A35E78-6FC3-43A7-9EBA-F21E9C7668D5}.Release|Any CPU.ActiveCfg = Release|Any CPU
		{C5A35E78-6FC3-43A7-9EBA-F21E9C7668D5}.Release|Any CPU.Build.0 = Release|Any CPU
		{98B06DB0-CA34-4F09-80E5-1D9C5BA5B640}.Debug|Any CPU.ActiveCfg = Debug|Any CPU
		{98B06DB0-CA34-4F09-80E5-1D9C5BA5B640}.Debug|Any CPU.Build.0 = Debug|Any CPU
		{98B06DB0-CA34-4F09-80E5-1D9C5BA5B640}.Release|Any CPU.ActiveCfg = Release|Any CPU
		{98B06DB0-CA34-4F09-80E5-1D9C5BA5B640}.Release|Any CPU.Build.0 = Release|Any CPU
		{7F1EF8B5-306C-40E4-8EF1-5887E606FC1B}.Debug|Any CPU.ActiveCfg = Debug|Any CPU
		{7F1EF8B5-306C-40E4-8EF1-5887E606FC1B}.Debug|Any CPU.Build.0 = Debug|Any CPU
		{7F1EF8B5-306C-40E4-8EF1-5887E606FC1B}.Release|Any CPU.ActiveCfg = Release|Any CPU
		{7F1EF8B5-306C-40E4-8EF1-5887E606FC1B}.Release|Any CPU.Build.0 = Release|Any CPU
	EndGlobalSection
	GlobalSection(SolutionProperties) = preSolution
		HideSolutionNode = FALSE
	EndGlobalSection
	GlobalSection(ExtensibilityGlobals) = postSolution
		SolutionGuid = {8549CD55-91B8-4734-A523-C95436D061FC}
	EndGlobalSection
EndGlobal
