
Microsoft Visual Studio Solution File, Format Version 12.00
# Visual Studio Version 17
VisualStudioVersion = 17.14.35906.104 d17.14
MinimumVisualStudioVersion = 10.0.40219.1
Project("{FAE04EC0-301F-11D3-BF4B-00C04F79EFBC}") = "Project1", "Project1.csproj", "{F4099FF9-9116-4AB4-AEE2-90644C09EEC7}"
EndProject
Global
	GlobalSection(SolutionConfigurationPlatforms) = preSolution
		Debug|Any CPU = Debug|Any CPU
		Release|Any CPU = Release|Any CPU
	EndGlobalSection
	GlobalSection(ProjectConfigurationPlatforms) = postSolution
		{F4099FF9-9116-4AB4-AEE2-90644C09EEC7}.Debug|Any CPU.ActiveCfg = Debug|Any CPU
		{F4099FF9-9116-4AB4-AEE2-90644C09EEC7}.Debug|Any CPU.Build.0 = Debug|Any CPU
		{F4099FF9-9116-4AB4-AEE2-90644C09EEC7}.Release|Any CPU.ActiveCfg = Release|Any CPU
		{F4099FF9-9116-4AB4-AEE2-90644C09EEC7}.Release|Any CPU.Build.0 = Release|Any CPU
	EndGlobalSection
	GlobalSection(SolutionProperties) = preSolution
		HideSolutionNode = FALSE
	EndGlobalSection
	GlobalSection(ExtensibilityGlobals) = postSolution
		SolutionGuid = {3DCA3DB0-EC96-4A11-B9E7-C81195084458}
	EndGlobalSection
EndGlobal
